
Microsoft Visual Studio Solution File, Format Version 12.00
# Visual Studio Version 17
VisualStudioVersion = 17.11.35222.181
MinimumVisualStudioVersion = 10.0.40219.1
Project("{FAE04EC0-301F-11D3-BF4B-00C04F79EFBC}") = "AuthApi", "AuthApi\AuthApi.csproj", "{FDDB8CAD-2929-4EED-A1C7-B56063D07125}"
EndProject
Project("{FAE04EC0-301F-11D3-BF4B-00C04F79EFBC}") = "WeatherForecast", "WeatherForecast\WeatherForecast.csproj", "{DA5C5B12-8E65-4858-949F-A7E47CB175AC}"
EndProject
Project("{2150E333-8FDC-42A3-9474-1A3956D46DE8}") = "Solution Items", "Solution Items", "{8DED1DA8-B544-4DDA-BB0D-D8459502C20A}"
	ProjectSection(SolutionItems) = preProject
		.gitignore = .gitignore
	EndProjectSection
EndProject
Global
	GlobalSection(SolutionConfigurationPlatforms) = preSolution
		Debug|Any CPU = Debug|Any CPU
		Release|Any CPU = Release|Any CPU
	EndGlobalSection
	GlobalSection(ProjectConfigurationPlatforms) = postSolution
		{FDDB8CAD-2929-4EED-A1C7-B56063D07125}.Debug|Any CPU.ActiveCfg = Debug|Any CPU
		{FDDB8CAD-2929-4EED-A1C7-B56063D07125}.Debug|Any CPU.Build.0 = Debug|Any CPU
		{FDDB8CAD-2929-4EED-A1C7-B56063D07125}.Release|Any CPU.ActiveCfg = Release|Any CPU
		{FDDB8CAD-2929-4EED-A1C7-B56063D07125}.Release|Any CPU.Build.0 = Release|Any CPU
		{DA5C5B12-8E65-4858-949F-A7E47CB175AC}.Debug|Any CPU.ActiveCfg = Debug|Any CPU
		{DA5C5B12-8E65-4858-949F-A7E47CB175AC}.Debug|Any CPU.Build.0 = Debug|Any CPU
		{DA5C5B12-8E65-4858-949F-A7E47CB175AC}.Release|Any CPU.ActiveCfg = Release|Any CPU
		{DA5C5B12-8E65-4858-949F-A7E47CB175AC}.Release|Any CPU.Build.0 = Release|Any CPU
	EndGlobalSection
	GlobalSection(SolutionProperties) = preSolution
		HideSolutionNode = FALSE
	EndGlobalSection
	GlobalSection(ExtensibilityGlobals) = postSolution
		SolutionGuid = {721821CA-DA69-43F8-B9B6-1BAD15F80553}
	EndGlobalSection
EndGlobal
